PODS:
  - HIDataStoreManager (1.1.3)
  - Kiwi (2.2.1):
    - Kiwi/ARC
    - Kiwi/NonARC
  - Kiwi/ARC (2.2.1)
  - Kiwi/NonARC (2.2.1)
  - libwebp (0.3.0-rc7):
    - libwebp/dec
    - libwebp/dsp
    - libwebp/utils
    - libwebp/webp
  - libwebp/dec (0.3.0-rc7)
  - libwebp/dsp (0.3.0-rc7)
  - libwebp/utils (0.3.0-rc7)
  - libwebp/webp (0.3.0-rc7)
  - MCUIColorUtils (1.0.0)
  - Nocilla (0.7.1)
  - SDWebImage (HEAD based on 3.4):
    - libwebp
    - SDWebImage/MapKit
  - SDWebImage/MapKit (HEAD based on 3.4):
    - libwebp
  - TTTAttributedLabel (1.7.1)

DEPENDENCIES:
  - HIDataStoreManager (from `https://github.com/kshuin/HIDataStoreManager.git`)
  - Kiwi
  - MCUIColorUtils
  - Nocilla
  - SDWebImage (HEAD)
  - TTTAttributedLabel

EXTERNAL SOURCES:
  HIDataStoreManager:
    :git: https://github.com/kshuin/HIDataStoreManager.git

SPEC CHECKSUMS:
  HIDataStoreManager: d1738dc25e0d5aee50e2c3e5e058f4ded45da5e1
  Kiwi: e6524ba0eaa1b28af7af146bdee5314b32aa3edb
  libwebp: 40517fa1fd3716eded73b4696c45fc0b66e4b414
  MCUIColorUtils: 339761b4aedb0c2cfaf8ce1cd441bcceee115ea1
  Nocilla: 79bf72b15b7e6589d3d37ffa7540d7271fb75121
  SDWebImage: f13f791e411c632489824aa7f129e230b52bf5c4
  TTTAttributedLabel: e504133915a9b11de63cb470ffa2790383a3eb23

COCOAPODS: 0.23.0
