PODS:
  - FontAwesomeKit (1.1.4)
  - HIDataStoreManager (1.1.4)
  - Kiwi (2.2.2):
    - Kiwi/SenTestingKit
  - Kiwi/ARC (2.2.2)
  - Kiwi/NonARC (2.2.2)
  - Kiwi/SenTestingKit (2.2.2):
    - Kiwi/ARC
    - Kiwi/NonARC
  - MCUIColorUtils (1.0.0)
  - Nocilla (0.7.1)
  - SDWebImage (HEAD based on 3.5):
    - SDWebImage/Core
  - SDWebImage/Core (HEAD based on 3.5)
  - TTTAttributedLabel (1.7.1)

DEPENDENCIES:
  - FontAwesomeKit (= 1.1.4)
  - HIDataStoreManager (from `https://github.com/kshuin/HIDataStoreManager.git`)
  - Kiwi
  - MCUIColorUtils
  - Nocilla
  - SDWebImage (HEAD)
  - TTTAttributedLabel

EXTERNAL SOURCES:
  HIDataStoreManager:
    :git: https://github.com/kshuin/HIDataStoreManager.git

SPEC CHECKSUMS:
  FontAwesomeKit: 5898a51ceadcdb05d72b04991ecf04469332b20c
  HIDataStoreManager: 1dd6e619062f845736241fd8b09d7da25f71ff06
  Kiwi: 03539aeb004ccd42bdbc31253617b26364315df4
  MCUIColorUtils: 339761b4aedb0c2cfaf8ce1cd441bcceee115ea1
  Nocilla: 79bf72b15b7e6589d3d37ffa7540d7271fb75121
  SDWebImage: f1a72472f8a2d54445f1fedafe2090593d9caf7f
  TTTAttributedLabel: e504133915a9b11de63cb470ffa2790383a3eb23

COCOAPODS: 0.23.0
