// !$*UTF8*$!
{
	archiveVersion = 1;
	classes = {
	};
	objectVersion = 46;
	objects = {

/* Begin PBXBuildFile section */
		226CE144FE1C43B0A98C919B /* libPods.a in Frameworks */ = {isa = PBXBuildFile; fileRef = CDDD4B92538743D6A39888F7 /* libPods.a */; };
		2300E78317AE7F78008F3585 /* YVLoadingView.m in Sources */ = {isa = PBXBuildFile; fileRef = 2300E78217AE7F78008F3585 /* YVLoadingView.m */; };
		23733D1617AE998000244F01 /* MapKit.framework in Frameworks */ = {isa = PBXBuildFile; fileRef = 23733D1517AE998000244F01 /* MapKit.framework */; };
		23733D1917AE9A8200244F01 /* YVMapsViewController.m in Sources */ = {isa = PBXBuildFile; fileRef = 23733D1817AE9A8200244F01 /* YVMapsViewController.m */; };
		23733D1B17AE9B6600244F01 /* Acknowledgement.txt in Resources */ = {isa = PBXBuildFile; fileRef = 23733D1A17AE9B6600244F01 /* Acknowledgement.txt */; };
		23733D1E17AE9C0600244F01 /* YVMiscViewController.m in Sources */ = {isa = PBXBuildFile; fileRef = 23733D1D17AE9C0600244F01 /* YVMiscViewController.m */; };
		23B07E1F361248CC919F3DA4 /* libPods-YAPCViewerTests.a in Frameworks */ = {isa = PBXBuildFile; fileRef = 590113AC28FC478184EF218E /* libPods-YAPCViewerTests.a */; };
		C5122FA817CB2EA200E44552 /* CoreText.framework in Frameworks */ = {isa = PBXBuildFile; fileRef = C5122FA717CB2EA200E44552 /* CoreText.framework */; };
		C5122FAB17CB38D900E44552 /* YVDogEarView.m in Sources */ = {isa = PBXBuildFile; fileRef = C5122FAA17CB38D900E44552 /* YVDogEarView.m */; };
		C518A05117AD08C100B0E4B7 /* YVTalks.m in Sources */ = {isa = PBXBuildFile; fileRef = C518A05017AD08C100B0E4B7 /* YVTalks.m */; };
		C53EF90017AD02E100EE6F0A /* UIKit.framework in Frameworks */ = {isa = PBXBuildFile; fileRef = C53EF8FF17AD02E100EE6F0A /* UIKit.framework */; };
		C53EF90217AD02E100EE6F0A /* Foundation.framework in Frameworks */ = {isa = PBXBuildFile; fileRef = C53EF90117AD02E100EE6F0A /* Foundation.framework */; };
		C53EF90417AD02E100EE6F0A /* CoreGraphics.framework in Frameworks */ = {isa = PBXBuildFile; fileRef = C53EF90317AD02E100EE6F0A /* CoreGraphics.framework */; };
		C53EF90A17AD02E100EE6F0A /* InfoPlist.strings in Resources */ = {isa = PBXBuildFile; fileRef = C53EF90817AD02E100EE6F0A /* InfoPlist.strings */; };
		C53EF90C17AD02E100EE6F0A /* main.m in Sources */ = {isa = PBXBuildFile; fileRef = C53EF90B17AD02E100EE6F0A /* main.m */; };
		C53EF91017AD02E100EE6F0A /* YVAppDelegate.m in Sources */ = {isa = PBXBuildFile; fileRef = C53EF90F17AD02E100EE6F0A /* YVAppDelegate.m */; };
		C53EF91E17AD02E100EE6F0A /* SenTestingKit.framework in Frameworks */ = {isa = PBXBuildFile; fileRef = C53EF91D17AD02E100EE6F0A /* SenTestingKit.framework */; };
		C53EF91F17AD02E100EE6F0A /* UIKit.framework in Frameworks */ = {isa = PBXBuildFile; fileRef = C53EF8FF17AD02E100EE6F0A /* UIKit.framework */; };
		C53EF92017AD02E100EE6F0A /* Foundation.framework in Frameworks */ = {isa = PBXBuildFile; fileRef = C53EF90117AD02E100EE6F0A /* Foundation.framework */; };
		C53EF92817AD02E100EE6F0A /* InfoPlist.strings in Resources */ = {isa = PBXBuildFile; fileRef = C53EF92617AD02E100EE6F0A /* InfoPlist.strings */; };
		C53EF92B17AD02E100EE6F0A /* YAPCViewerTests.m in Sources */ = {isa = PBXBuildFile; fileRef = C53EF92A17AD02E100EE6F0A /* YAPCViewerTests.m */; };
		C54624DB17AD20FE00B7361B /* CoreData.framework in Frameworks */ = {isa = PBXBuildFile; fileRef = C54624DA17AD20FE00B7361B /* CoreData.framework */; };
		C54624DF17AD26AD00B7361B /* YVTalkCell.m in Sources */ = {isa = PBXBuildFile; fileRef = C54624DE17AD26AD00B7361B /* YVTalkCell.m */; };
		C5481FB317C9F5F3003FB928 /* YVUIThemeManager.m in Sources */ = {isa = PBXBuildFile; fileRef = C5481FB217C9F5F3003FB928 /* YVUIThemeManager.m */; };
		C5481FB617C9F693003FB928 /* YVTabBarController.m in Sources */ = {isa = PBXBuildFile; fileRef = C5481FB517C9F693003FB928 /* YVTabBarController.m */; };
		C5481FB917C9FA51003FB928 /* YVAPIEndpoint.m in Sources */ = {isa = PBXBuildFile; fileRef = C5481FB817C9FA51003FB928 /* YVAPIEndpoint.m */; };
		C5481FBC17C9FC6F003FB928 /* YVAPIRequest.m in Sources */ = {isa = PBXBuildFile; fileRef = C5481FBB17C9FC6E003FB928 /* YVAPIRequest.m */; };
		C55A48D617CA0EE900CD759B /* YVVenue.m in Sources */ = {isa = PBXBuildFile; fileRef = C55A48D517CA0EE900CD759B /* YVVenue.m */; };
		C55A48D917CA0F0900CD759B /* YVVenues.m in Sources */ = {isa = PBXBuildFile; fileRef = C55A48D817CA0F0900CD759B /* YVVenues.m */; };
		C55A48DC17CA1BA800CD759B /* YVSpeakers.m in Sources */ = {isa = PBXBuildFile; fileRef = C55A48DB17CA1BA800CD759B /* YVSpeakers.m */; };
		C57F9DCD17CB261E0026D1A7 /* FontAwesome.ttf in Resources */ = {isa = PBXBuildFile; fileRef = C57F9DCC17CB261E0026D1A7 /* FontAwesome.ttf */; };
		C5A8DDF417AE19BB00EDB97D /* YVDateFormatManager.m in Sources */ = {isa = PBXBuildFile; fileRef = C5A8DDF317AE19BB00EDB97D /* YVDateFormatManager.m */; };
		C5A8DDFB17AE2D1B00EDB97D /* YVEventDayView.m in Sources */ = {isa = PBXBuildFile; fileRef = C5A8DDFA17AE2D1B00EDB97D /* YVEventDayView.m */; };
		C5A8DDFE17AE387D00EDB97D /* YVSectionHeader.m in Sources */ = {isa = PBXBuildFile; fileRef = C5A8DDFD17AE387D00EDB97D /* YVSectionHeader.m */; };
		C5A8DE0017AE3F2000EDB97D /* QuartzCore.framework in Frameworks */ = {isa = PBXBuildFile; fileRef = C5A8DDFF17AE3F2000EDB97D /* QuartzCore.framework */; };
		C5A8DE0317AE5D4500EDB97D /* YVTalkDetailViewController.m in Sources */ = {isa = PBXBuildFile; fileRef = C5A8DE0217AE5D4500EDB97D /* YVTalkDetailViewController.m */; };
		C5BC910717AD1AA8003E11E2 /* NSManagedObject+SafetyMapping.m in Sources */ = {isa = PBXBuildFile; fileRef = C5BC910617AD1AA8003E11E2 /* NSManagedObject+SafetyMapping.m */; };
		C5BC910A17AD1F05003E11E2 /* YVTalkListViewController.m in Sources */ = {isa = PBXBuildFile; fileRef = C5BC910917AD1F05003E11E2 /* YVTalkListViewController.m */; };
		C5F2CDFF17AD03F400EAD980 /* iPhone.storyboard in Resources */ = {isa = PBXBuildFile; fileRef = C5F2CDFE17AD03F400EAD980 /* iPhone.storyboard */; };
		C5F2CE0217AD042E00EAD980 /* Models.xcdatamodeld in Sources */ = {isa = PBXBuildFile; fileRef = C5F2CE0017AD042E00EAD980 /* Models.xcdatamodeld */; };
		C5F2CE0717AD046800EAD980 /* Default-568h@2x.png in Resources */ = {isa = PBXBuildFile; fileRef = C5F2CE0417AD046800EAD980 /* Default-568h@2x.png */; };
		C5F2CE0817AD046800EAD980 /* Default.png in Resources */ = {isa = PBXBuildFile; fileRef = C5F2CE0517AD046800EAD980 /* Default.png */; };
		C5F2CE0917AD046800EAD980 /* Default@2x.png in Resources */ = {isa = PBXBuildFile; fileRef = C5F2CE0617AD046800EAD980 /* Default@2x.png */; };
		C5F2CE0C17AD063400EAD980 /* YVAbstract.m in Sources */ = {isa = PBXBuildFile; fileRef = C5F2CE0B17AD063400EAD980 /* YVAbstract.m */; };
		C5F2CE0F17AD064E00EAD980 /* YVSpeaker.m in Sources */ = {isa = PBXBuildFile; fileRef = C5F2CE0E17AD064E00EAD980 /* YVSpeaker.m */; };
		C5F2CE1217AD066C00EAD980 /* YVTalk.m in Sources */ = {isa = PBXBuildFile; fileRef = C5F2CE1117AD066C00EAD980 /* YVTalk.m */; };
/* End PBXBuildFile section */

/* Begin PBXContainerItemProxy section */
		C53EF92117AD02E100EE6F0A /* PBXContainerItemProxy */ = {
			isa = PBXContainerItemProxy;
			containerPortal = C53EF8F417AD02E100EE6F0A /* Project object */;
			proxyType = 1;
			remoteGlobalIDString = C53EF8FB17AD02E100EE6F0A;
			remoteInfo = YAPCViewer;
		};
/* End PBXContainerItemProxy section */

/* Begin PBXFileReference section */
		2300E78117AE7F78008F3585 /* YVLoadingView.h */ = {isa = PBXFileReference; fileEncoding = 4; lastKnownFileType = sourcecode.c.h; name = YVLoadingView.h; path = Classes/Views/YVLoadingView.h; sourceTree = "<group>"; };
		2300E78217AE7F78008F3585 /* YVLoadingView.m */ = {isa = PBXFileReference; fileEncoding = 4; lastKnownFileType = sourcecode.c.objc; name = YVLoadingView.m; path = Classes/Views/YVLoadingView.m; sourceTree = "<group>"; };
		23733D1517AE998000244F01 /* MapKit.framework */ = {isa = PBXFileReference; lastKnownFileType = wrapper.framework; name = MapKit.framework; path = System/Library/Frameworks/MapKit.framework; sourceTree = SDKROOT; };
		23733D1717AE9A8200244F01 /* YVMapsViewController.h */ = {isa = PBXFileReference; fileEncoding = 4; lastKnownFileType = sourcecode.c.h; name = YVMapsViewController.h; path = Classes/ViewControlleres/YVMapsViewController.h; sourceTree = "<group>"; };
		23733D1817AE9A8200244F01 /* YVMapsViewController.m */ = {isa = PBXFileReference; fileEncoding = 4; lastKnownFileType = sourcecode.c.objc; name = YVMapsViewController.m; path = Classes/ViewControlleres/YVMapsViewController.m; sourceTree = "<group>"; };
		23733D1A17AE9B6600244F01 /* Acknowledgement.txt */ = {isa = PBXFileReference; fileEncoding = 4; lastKnownFileType = text; name = Acknowledgement.txt; path = Resources/Acknowledgement.txt; sourceTree = "<group>"; };
		23733D1C17AE9C0600244F01 /* YVMiscViewController.h */ = {isa = PBXFileReference; fileEncoding = 4; lastKnownFileType = sourcecode.c.h; name = YVMiscViewController.h; path = Classes/ViewControlleres/YVMiscViewController.h; sourceTree = "<group>"; };
		23733D1D17AE9C0600244F01 /* YVMiscViewController.m */ = {isa = PBXFileReference; fileEncoding = 4; lastKnownFileType = sourcecode.c.objc; name = YVMiscViewController.m; path = Classes/ViewControlleres/YVMiscViewController.m; sourceTree = "<group>"; };
		2D119D3C234F4B56B8203B95 /* Pods-YAPCViewerTests.xcconfig */ = {isa = PBXFileReference; includeInIndex = 1; lastKnownFileType = text.xcconfig; name = "Pods-YAPCViewerTests.xcconfig"; path = "Pods/Pods-YAPCViewerTests.xcconfig"; sourceTree = SOURCE_ROOT; };
		39C981EEFBA34CC791FEE5AA /* Pods.xcconfig */ = {isa = PBXFileReference; includeInIndex = 1; lastKnownFileType = text.xcconfig; name = Pods.xcconfig; path = Pods/Pods.xcconfig; sourceTree = SOURCE_ROOT; };
		590113AC28FC478184EF218E /* libPods-YAPCViewerTests.a */ = {isa = PBXFileReference; explicitFileType = archive.ar; includeInIndex = 0; path = "libPods-YAPCViewerTests.a"; sourceTree = BUILT_PRODUCTS_DIR; };
		C5122FA717CB2EA200E44552 /* CoreText.framework */ = {isa = PBXFileReference; lastKnownFileType = wrapper.framework; name = CoreText.framework; path = System/Library/Frameworks/CoreText.framework; sourceTree = SDKROOT; };
		C5122FA917CB38D900E44552 /* YVDogEarView.h */ = {isa = PBXFileReference; fileEncoding = 4; lastKnownFileType = sourcecode.c.h; name = YVDogEarView.h; path = Classes/Views/YVDogEarView.h; sourceTree = "<group>"; };
		C5122FAA17CB38D900E44552 /* YVDogEarView.m */ = {isa = PBXFileReference; fileEncoding = 4; lastKnownFileType = sourcecode.c.objc; name = YVDogEarView.m; path = Classes/Views/YVDogEarView.m; sourceTree = "<group>"; };
		C518A04F17AD08C100B0E4B7 /* YVTalks.h */ = {isa = PBXFileReference; fileEncoding = 4; lastKnownFileType = sourcecode.c.h; name = YVTalks.h; path = YAPCViewer/Classes/Models/YVTalks.h; sourceTree = "<group>"; };
		C518A05017AD08C100B0E4B7 /* YVTalks.m */ = {isa = PBXFileReference; fileEncoding = 4; lastKnownFileType = sourcecode.c.objc; name = YVTalks.m; path = YAPCViewer/Classes/Models/YVTalks.m; sourceTree = "<group>"; };
		C53EF8FC17AD02E100EE6F0A /* YAPCViewer.app */ = {isa = PBXFileReference; explicitFileType = wrapper.application; includeInIndex = 0; path = YAPCViewer.app; sourceTree = BUILT_PRODUCTS_DIR; };
		C53EF8FF17AD02E100EE6F0A /* UIKit.framework */ = {isa = PBXFileReference; lastKnownFileType = wrapper.framework; name = UIKit.framework; path = System/Library/Frameworks/UIKit.framework; sourceTree = SDKROOT; };
		C53EF90117AD02E100EE6F0A /* Foundation.framework */ = {isa = PBXFileReference; lastKnownFileType = wrapper.framework; name = Foundation.framework; path = System/Library/Frameworks/Foundation.framework; sourceTree = SDKROOT; };
		C53EF90317AD02E100EE6F0A /* CoreGraphics.framework */ = {isa = PBXFileReference; lastKnownFileType = wrapper.framework; name = CoreGraphics.framework; path = System/Library/Frameworks/CoreGraphics.framework; sourceTree = SDKROOT; };
		C53EF90717AD02E100EE6F0A /* YAPCViewer-Info.plist */ = {isa = PBXFileReference; lastKnownFileType = text.plist.xml; path = "YAPCViewer-Info.plist"; sourceTree = "<group>"; };
		C53EF90917AD02E100EE6F0A /* en */ = {isa = PBXFileReference; lastKnownFileType = text.plist.strings; name = en; path = en.lproj/InfoPlist.strings; sourceTree = "<group>"; };
		C53EF90B17AD02E100EE6F0A /* main.m */ = {isa = PBXFileReference; lastKnownFileType = sourcecode.c.objc; path = main.m; sourceTree = "<group>"; };
		C53EF90D17AD02E100EE6F0A /* YAPCViewer-Prefix.pch */ = {isa = PBXFileReference; lastKnownFileType = sourcecode.c.h; path = "YAPCViewer-Prefix.pch"; sourceTree = "<group>"; };
		C53EF90E17AD02E100EE6F0A /* YVAppDelegate.h */ = {isa = PBXFileReference; lastKnownFileType = sourcecode.c.h; path = YVAppDelegate.h; sourceTree = "<group>"; };
		C53EF90F17AD02E100EE6F0A /* YVAppDelegate.m */ = {isa = PBXFileReference; lastKnownFileType = sourcecode.c.objc; path = YVAppDelegate.m; sourceTree = "<group>"; };
		C53EF91C17AD02E100EE6F0A /* YAPCViewerTests.octest */ = {isa = PBXFileReference; explicitFileType = wrapper.cfbundle; includeInIndex = 0; path = YAPCViewerTests.octest; sourceTree = BUILT_PRODUCTS_DIR; };
		C53EF91D17AD02E100EE6F0A /* SenTestingKit.framework */ = {isa = PBXFileReference; lastKnownFileType = wrapper.framework; name = SenTestingKit.framework; path = Library/Frameworks/SenTestingKit.framework; sourceTree = DEVELOPER_DIR; };
		C53EF92517AD02E100EE6F0A /* YAPCViewerTests-Info.plist */ = {isa = PBXFileReference; lastKnownFileType = text.plist.xml; path = "YAPCViewerTests-Info.plist"; sourceTree = "<group>"; };
		C53EF92717AD02E100EE6F0A /* en */ = {isa = PBXFileReference; lastKnownFileType = text.plist.strings; name = en; path = en.lproj/InfoPlist.strings; sourceTree = "<group>"; };
		C53EF92917AD02E100EE6F0A /* YAPCViewerTests.h */ = {isa = PBXFileReference; lastKnownFileType = sourcecode.c.h; path = YAPCViewerTests.h; sourceTree = "<group>"; };
		C53EF92A17AD02E100EE6F0A /* YAPCViewerTests.m */ = {isa = PBXFileReference; lastKnownFileType = sourcecode.c.objc; path = YAPCViewerTests.m; sourceTree = "<group>"; };
		C54624DA17AD20FE00B7361B /* CoreData.framework */ = {isa = PBXFileReference; lastKnownFileType = wrapper.framework; name = CoreData.framework; path = System/Library/Frameworks/CoreData.framework; sourceTree = SDKROOT; };
		C54624DC17AD235D00B7361B /* YVModels.h */ = {isa = PBXFileReference; lastKnownFileType = sourcecode.c.h; name = YVModels.h; path = YAPCViewer/Classes/Models/YVModels.h; sourceTree = "<group>"; };
		C54624DD17AD26AD00B7361B /* YVTalkCell.h */ = {isa = PBXFileReference; fileEncoding = 4; lastKnownFileType = sourcecode.c.h; name = YVTalkCell.h; path = Classes/Views/YVTalkCell.h; sourceTree = "<group>"; };
		C54624DE17AD26AD00B7361B /* YVTalkCell.m */ = {isa = PBXFileReference; fileEncoding = 4; lastKnownFileType = sourcecode.c.objc; name = YVTalkCell.m; path = Classes/Views/YVTalkCell.m; sourceTree = "<group>"; };
		C5481FB117C9F5F3003FB928 /* YVUIThemeManager.h */ = {isa = PBXFileReference; fileEncoding = 4; lastKnownFileType = sourcecode.c.h; name = YVUIThemeManager.h; path = Classes/Others/YVUIThemeManager.h; sourceTree = "<group>"; };
		C5481FB217C9F5F3003FB928 /* YVUIThemeManager.m */ = {isa = PBXFileReference; fileEncoding = 4; lastKnownFileType = sourcecode.c.objc; name = YVUIThemeManager.m; path = Classes/Others/YVUIThemeManager.m; sourceTree = "<group>"; };
		C5481FB417C9F693003FB928 /* YVTabBarController.h */ = {isa = PBXFileReference; fileEncoding = 4; lastKnownFileType = sourcecode.c.h; name = YVTabBarController.h; path = Classes/ViewControlleres/YVTabBarController.h; sourceTree = "<group>"; };
		C5481FB517C9F693003FB928 /* YVTabBarController.m */ = {isa = PBXFileReference; fileEncoding = 4; lastKnownFileType = sourcecode.c.objc; name = YVTabBarController.m; path = Classes/ViewControlleres/YVTabBarController.m; sourceTree = "<group>"; };
		C5481FB717C9FA51003FB928 /* YVAPIEndpoint.h */ = {isa = PBXFileReference; fileEncoding = 4; lastKnownFileType = sourcecode.c.h; name = YVAPIEndpoint.h; path = Classes/Others/YVAPIEndpoint.h; sourceTree = "<group>"; };
		C5481FB817C9FA51003FB928 /* YVAPIEndpoint.m */ = {isa = PBXFileReference; fileEncoding = 4; lastKnownFileType = sourcecode.c.objc; name = YVAPIEndpoint.m; path = Classes/Others/YVAPIEndpoint.m; sourceTree = "<group>"; };
		C5481FBA17C9FC6E003FB928 /* YVAPIRequest.h */ = {isa = PBXFileReference; fileEncoding = 4; lastKnownFileType = sourcecode.c.h; name = YVAPIRequest.h; path = Classes/Others/YVAPIRequest.h; sourceTree = "<group>"; };
		C5481FBB17C9FC6E003FB928 /* YVAPIRequest.m */ = {isa = PBXFileReference; fileEncoding = 4; lastKnownFileType = sourcecode.c.objc; name = YVAPIRequest.m; path = Classes/Others/YVAPIRequest.m; sourceTree = "<group>"; };
		C55A48D417CA0EE800CD759B /* YVVenue.h */ = {isa = PBXFileReference; fileEncoding = 4; lastKnownFileType = sourcecode.c.h; name = YVVenue.h; path = YAPCViewer/Classes/Models/YVVenue.h; sourceTree = "<group>"; };
		C55A48D517CA0EE900CD759B /* YVVenue.m */ = {isa = PBXFileReference; fileEncoding = 4; lastKnownFileType = sourcecode.c.objc; name = YVVenue.m; path = YAPCViewer/Classes/Models/YVVenue.m; sourceTree = "<group>"; };
		C55A48D717CA0F0900CD759B /* YVVenues.h */ = {isa = PBXFileReference; fileEncoding = 4; lastKnownFileType = sourcecode.c.h; name = YVVenues.h; path = YAPCViewer/Classes/Models/YVVenues.h; sourceTree = "<group>"; };
		C55A48D817CA0F0900CD759B /* YVVenues.m */ = {isa = PBXFileReference; fileEncoding = 4; lastKnownFileType = sourcecode.c.objc; name = YVVenues.m; path = YAPCViewer/Classes/Models/YVVenues.m; sourceTree = "<group>"; };
		C55A48DA17CA1BA800CD759B /* YVSpeakers.h */ = {isa = PBXFileReference; fileEncoding = 4; lastKnownFileType = sourcecode.c.h; name = YVSpeakers.h; path = YAPCViewer/Classes/Models/YVSpeakers.h; sourceTree = "<group>"; };
		C55A48DB17CA1BA800CD759B /* YVSpeakers.m */ = {isa = PBXFileReference; fileEncoding = 4; lastKnownFileType = sourcecode.c.objc; name = YVSpeakers.m; path = YAPCViewer/Classes/Models/YVSpeakers.m; sourceTree = "<group>"; };
		C57F9DCC17CB261E0026D1A7 /* FontAwesome.ttf */ = {isa = PBXFileReference; lastKnownFileType = file; path = FontAwesome.ttf; sourceTree = "<group>"; };
		C5A8DDF217AE19BB00EDB97D /* YVDateFormatManager.h */ = {isa = PBXFileReference; fileEncoding = 4; lastKnownFileType = sourcecode.c.h; name = YVDateFormatManager.h; path = Classes/Others/YVDateFormatManager.h; sourceTree = "<group>"; };
		C5A8DDF317AE19BB00EDB97D /* YVDateFormatManager.m */ = {isa = PBXFileReference; fileEncoding = 4; lastKnownFileType = sourcecode.c.objc; name = YVDateFormatManager.m; path = Classes/Others/YVDateFormatManager.m; sourceTree = "<group>"; };
		C5A8DDF917AE2D1B00EDB97D /* YVEventDayView.h */ = {isa = PBXFileReference; fileEncoding = 4; lastKnownFileType = sourcecode.c.h; name = YVEventDayView.h; path = Classes/Views/YVEventDayView.h; sourceTree = "<group>"; };
		C5A8DDFA17AE2D1B00EDB97D /* YVEventDayView.m */ = {isa = PBXFileReference; fileEncoding = 4; lastKnownFileType = sourcecode.c.objc; name = YVEventDayView.m; path = Classes/Views/YVEventDayView.m; sourceTree = "<group>"; };
		C5A8DDFC17AE387D00EDB97D /* YVSectionHeader.h */ = {isa = PBXFileReference; fileEncoding = 4; lastKnownFileType = sourcecode.c.h; name = YVSectionHeader.h; path = Classes/Views/YVSectionHeader.h; sourceTree = "<group>"; };
		C5A8DDFD17AE387D00EDB97D /* YVSectionHeader.m */ = {isa = PBXFileReference; fileEncoding = 4; lastKnownFileType = sourcecode.c.objc; name = YVSectionHeader.m; path = Classes/Views/YVSectionHeader.m; sourceTree = "<group>"; };
		C5A8DDFF17AE3F2000EDB97D /* QuartzCore.framework */ = {isa = PBXFileReference; lastKnownFileType = wrapper.framework; name = QuartzCore.framework; path = System/Library/Frameworks/QuartzCore.framework; sourceTree = SDKROOT; };
		C5A8DE0117AE5D4500EDB97D /* YVTalkDetailViewController.h */ = {isa = PBXFileReference; fileEncoding = 4; lastKnownFileType = sourcecode.c.h; name = YVTalkDetailViewController.h; path = Classes/ViewControlleres/YVTalkDetailViewController.h; sourceTree = "<group>"; };
		C5A8DE0217AE5D4500EDB97D /* YVTalkDetailViewController.m */ = {isa = PBXFileReference; fileEncoding = 4; lastKnownFileType = sourcecode.c.objc; name = YVTalkDetailViewController.m; path = Classes/ViewControlleres/YVTalkDetailViewController.m; sourceTree = "<group>"; };
		C5BC910517AD1AA8003E11E2 /* NSManagedObject+SafetyMapping.h */ = {isa = PBXFileReference; fileEncoding = 4; lastKnownFileType = sourcecode.c.h; name = "NSManagedObject+SafetyMapping.h"; path = "YAPCViewer/Classes/Models/NSManagedObject+SafetyMapping.h"; sourceTree = "<group>"; };
		C5BC910617AD1AA8003E11E2 /* NSManagedObject+SafetyMapping.m */ = {isa = PBXFileReference; fileEncoding = 4; lastKnownFileType = sourcecode.c.objc; name = "NSManagedObject+SafetyMapping.m"; path = "YAPCViewer/Classes/Models/NSManagedObject+SafetyMapping.m"; sourceTree = "<group>"; };
		C5BC910817AD1F05003E11E2 /* YVTalkListViewController.h */ = {isa = PBXFileReference; fileEncoding = 4; lastKnownFileType = sourcecode.c.h; name = YVTalkListViewController.h; path = Classes/ViewControlleres/YVTalkListViewController.h; sourceTree = "<group>"; };
		C5BC910917AD1F05003E11E2 /* YVTalkListViewController.m */ = {isa = PBXFileReference; fileEncoding = 4; lastKnownFileType = sourcecode.c.objc; name = YVTalkListViewController.m; path = Classes/ViewControlleres/YVTalkListViewController.m; sourceTree = "<group>"; };
		C5F2CDFE17AD03F400EAD980 /* iPhone.storyboard */ = {isa = PBXFileReference; fileEncoding = 4; lastKnownFileType = file.storyboard; name = iPhone.storyboard; path = Resources/iPhone.storyboard; sourceTree = "<group>"; };
		C5F2CE0117AD042E00EAD980 /* Models.xcdatamodel */ = {isa = PBXFileReference; lastKnownFileType = wrapper.xcdatamodel; path = Models.xcdatamodel; sourceTree = "<group>"; };
		C5F2CE0417AD046800EAD980 /* Default-568h@2x.png */ = {isa = PBXFileReference; lastKnownFileType = image.png; path = "Default-568h@2x.png"; sourceTree = "<group>"; };
		C5F2CE0517AD046800EAD980 /* Default.png */ = {isa = PBXFileReference; lastKnownFileType = image.png; path = Default.png; sourceTree = "<group>"; };
		C5F2CE0617AD046800EAD980 /* Default@2x.png */ = {isa = PBXFileReference; lastKnownFileType = image.png; path = "Default@2x.png"; sourceTree = "<group>"; };
		C5F2CE0A17AD063400EAD980 /* YVAbstract.h */ = {isa = PBXFileReference; fileEncoding = 4; lastKnownFileType = sourcecode.c.h; name = YVAbstract.h; path = YAPCViewer/Classes/Models/ManagedObjects/YVAbstract.h; sourceTree = "<group>"; };
		C5F2CE0B17AD063400EAD980 /* YVAbstract.m */ = {isa = PBXFileReference; fileEncoding = 4; lastKnownFileType = sourcecode.c.objc; name = YVAbstract.m; path = YAPCViewer/Classes/Models/ManagedObjects/YVAbstract.m; sourceTree = "<group>"; };
		C5F2CE0D17AD064E00EAD980 /* YVSpeaker.h */ = {isa = PBXFileReference; fileEncoding = 4; lastKnownFileType = sourcecode.c.h; name = YVSpeaker.h; path = YAPCViewer/Classes/Models/ManagedObjects/YVSpeaker.h; sourceTree = "<group>"; };
		C5F2CE0E17AD064E00EAD980 /* YVSpeaker.m */ = {isa = PBXFileReference; fileEncoding = 4; lastKnownFileType = sourcecode.c.objc; name = YVSpeaker.m; path = YAPCViewer/Classes/Models/ManagedObjects/YVSpeaker.m; sourceTree = "<group>"; };
		C5F2CE1017AD066C00EAD980 /* YVTalk.h */ = {isa = PBXFileReference; fileEncoding = 4; lastKnownFileType = sourcecode.c.h; name = YVTalk.h; path = YAPCViewer/Classes/Models/ManagedObjects/YVTalk.h; sourceTree = "<group>"; };
		C5F2CE1117AD066C00EAD980 /* YVTalk.m */ = {isa = PBXFileReference; fileEncoding = 4; lastKnownFileType = sourcecode.c.objc; name = YVTalk.m; path = YAPCViewer/Classes/Models/ManagedObjects/YVTalk.m; sourceTree = "<group>"; };
		CDDD4B92538743D6A39888F7 /* libPods.a */ = {isa = PBXFileReference; explicitFileType = archive.ar; includeInIndex = 0; path = libPods.a; sourceTree = BUILT_PRODUCTS_DIR; };
/* End PBXFileReference section */

/* Begin PBXFrameworksBuildPhase section */
		C53EF8F917AD02E100EE6F0A /* Frameworks */ = {
			isa = PBXFrameworksBuildPhase;
			buildActionMask = 2147483647;
			files = (
				C5122FA817CB2EA200E44552 /* CoreText.framework in Frameworks */,
				23733D1617AE998000244F01 /* MapKit.framework in Frameworks */,
				C5A8DE0017AE3F2000EDB97D /* QuartzCore.framework in Frameworks */,
				C54624DB17AD20FE00B7361B /* CoreData.framework in Frameworks */,
				C53EF90017AD02E100EE6F0A /* UIKit.framework in Frameworks */,
				C53EF90217AD02E100EE6F0A /* Foundation.framework in Frameworks */,
				C53EF90417AD02E100EE6F0A /* CoreGraphics.framework in Frameworks */,
				226CE144FE1C43B0A98C919B /* libPods.a in Frameworks */,
			);
			runOnlyForDeploymentPostprocessing = 0;
		};
		C53EF91817AD02E100EE6F0A /* Frameworks */ = {
			isa = PBXFrameworksBuildPhase;
			buildActionMask = 2147483647;
			files = (
				C53EF91E17AD02E100EE6F0A /* SenTestingKit.framework in Frameworks */,
				C53EF91F17AD02E100EE6F0A /* UIKit.framework in Frameworks */,
				C53EF92017AD02E100EE6F0A /* Foundation.framework in Frameworks */,
				23B07E1F361248CC919F3DA4 /* libPods-YAPCViewerTests.a in Frameworks */,
			);
			runOnlyForDeploymentPostprocessing = 0;
		};
/* End PBXFrameworksBuildPhase section */

/* Begin PBXGroup section */
		2300E78417AE7F7D008F3585 /* Views */ = {
			isa = PBXGroup;
			children = (
				C54624DD17AD26AD00B7361B /* YVTalkCell.h */,
				C54624DE17AD26AD00B7361B /* YVTalkCell.m */,
				C5122FA917CB38D900E44552 /* YVDogEarView.h */,
				C5122FAA17CB38D900E44552 /* YVDogEarView.m */,
				C5A8DDF917AE2D1B00EDB97D /* YVEventDayView.h */,
				C5A8DDFA17AE2D1B00EDB97D /* YVEventDayView.m */,
				C5A8DDFC17AE387D00EDB97D /* YVSectionHeader.h */,
				C5A8DDFD17AE387D00EDB97D /* YVSectionHeader.m */,
				2300E78117AE7F78008F3585 /* YVLoadingView.h */,
				2300E78217AE7F78008F3585 /* YVLoadingView.m */,
			);
			name = Views;
			sourceTree = "<group>";
		};
		C518A04E17AD089A00B0E4B7 /* ManagedObjects */ = {
			isa = PBXGroup;
			children = (
				C54624DC17AD235D00B7361B /* YVModels.h */,
				C55A48D417CA0EE800CD759B /* YVVenue.h */,
				C55A48D517CA0EE900CD759B /* YVVenue.m */,
				C5F2CE1017AD066C00EAD980 /* YVTalk.h */,
				C5F2CE1117AD066C00EAD980 /* YVTalk.m */,
				C5F2CE0D17AD064E00EAD980 /* YVSpeaker.h */,
				C5F2CE0E17AD064E00EAD980 /* YVSpeaker.m */,
				C5F2CE0A17AD063400EAD980 /* YVAbstract.h */,
				C5F2CE0B17AD063400EAD980 /* YVAbstract.m */,
			);
			name = ManagedObjects;
			sourceTree = "<group>";
		};
		C53EF8F317AD02E100EE6F0A = {
			isa = PBXGroup;
			children = (
				C53EF90517AD02E100EE6F0A /* YAPCViewer */,
				C53EF92317AD02E100EE6F0A /* YAPCViewerTests */,
				C53EF8FE17AD02E100EE6F0A /* Frameworks */,
				C53EF8FD17AD02E100EE6F0A /* Products */,
				39C981EEFBA34CC791FEE5AA /* Pods.xcconfig */,
				2D119D3C234F4B56B8203B95 /* Pods-YAPCViewerTests.xcconfig */,
			);
			sourceTree = "<group>";
		};
		C53EF8FD17AD02E100EE6F0A /* Products */ = {
			isa = PBXGroup;
			children = (
				C53EF8FC17AD02E100EE6F0A /* YAPCViewer.app */,
				C53EF91C17AD02E100EE6F0A /* YAPCViewerTests.octest */,
			);
			name = Products;
			sourceTree = "<group>";
		};
		C53EF8FE17AD02E100EE6F0A /* Frameworks */ = {
			isa = PBXGroup;
			children = (
				C5122FA717CB2EA200E44552 /* CoreText.framework */,
				23733D1517AE998000244F01 /* MapKit.framework */,
				C5A8DDFF17AE3F2000EDB97D /* QuartzCore.framework */,
				C54624DA17AD20FE00B7361B /* CoreData.framework */,
				C53EF8FF17AD02E100EE6F0A /* UIKit.framework */,
				C53EF90117AD02E100EE6F0A /* Foundation.framework */,
				C53EF90317AD02E100EE6F0A /* CoreGraphics.framework */,
				C53EF91D17AD02E100EE6F0A /* SenTestingKit.framework */,
				CDDD4B92538743D6A39888F7 /* libPods.a */,
				590113AC28FC478184EF218E /* libPods-YAPCViewerTests.a */,
			);
			name = Frameworks;
			sourceTree = "<group>";
		};
		C53EF90517AD02E100EE6F0A /* YAPCViewer */ = {
			isa = PBXGroup;
			children = (
				C5F2CDFA17AD037600EAD980 /* AppDelegate */,
				C5F2CDFB17AD038400EAD980 /* ViewControllers */,
				C5F2CDFD17AD039300EAD980 /* Models */,
				C5A8DDF517AE19BF00EDB97D /* Othres */,
				C5F2CDFC17AD038D00EAD980 /* Resources */,
				C53EF90617AD02E100EE6F0A /* Supporting Files */,
			);
			path = YAPCViewer;
			sourceTree = "<group>";
		};
		C53EF90617AD02E100EE6F0A /* Supporting Files */ = {
			isa = PBXGroup;
			children = (
				C53EF90717AD02E100EE6F0A /* YAPCViewer-Info.plist */,
				C53EF90817AD02E100EE6F0A /* InfoPlist.strings */,
				C53EF90B17AD02E100EE6F0A /* main.m */,
				C53EF90D17AD02E100EE6F0A /* YAPCViewer-Prefix.pch */,
			);
			name = "Supporting Files";
			sourceTree = "<group>";
		};
		C53EF92317AD02E100EE6F0A /* YAPCViewerTests */ = {
			isa = PBXGroup;
			children = (
				C53EF92917AD02E100EE6F0A /* YAPCViewerTests.h */,
				C53EF92A17AD02E100EE6F0A /* YAPCViewerTests.m */,
				C53EF92417AD02E100EE6F0A /* Supporting Files */,
			);
			path = YAPCViewerTests;
			sourceTree = "<group>";
		};
		C53EF92417AD02E100EE6F0A /* Supporting Files */ = {
			isa = PBXGroup;
			children = (
				C53EF92517AD02E100EE6F0A /* YAPCViewerTests-Info.plist */,
				C53EF92617AD02E100EE6F0A /* InfoPlist.strings */,
			);
			name = "Supporting Files";
			sourceTree = "<group>";
		};
		C57F9DCB17CB261E0026D1A7 /* fonts */ = {
			isa = PBXGroup;
			children = (
				C57F9DCC17CB261E0026D1A7 /* FontAwesome.ttf */,
			);
			name = fonts;
			path = Resources/fonts;
			sourceTree = "<group>";
		};
		C5A8DDF517AE19BF00EDB97D /* Othres */ = {
			isa = PBXGroup;
			children = (
				C5481FB717C9FA51003FB928 /* YVAPIEndpoint.h */,
				C5481FB817C9FA51003FB928 /* YVAPIEndpoint.m */,
				C5481FBA17C9FC6E003FB928 /* YVAPIRequest.h */,
				C5481FBB17C9FC6E003FB928 /* YVAPIRequest.m */,
				C5481FB117C9F5F3003FB928 /* YVUIThemeManager.h */,
				C5481FB217C9F5F3003FB928 /* YVUIThemeManager.m */,
				C5A8DDF217AE19BB00EDB97D /* YVDateFormatManager.h */,
				C5A8DDF317AE19BB00EDB97D /* YVDateFormatManager.m */,
			);
			name = Othres;
			sourceTree = "<group>";
		};
		C5F2CDFA17AD037600EAD980 /* AppDelegate */ = {
			isa = PBXGroup;
			children = (
				C53EF90E17AD02E100EE6F0A /* YVAppDelegate.h */,
				C53EF90F17AD02E100EE6F0A /* YVAppDelegate.m */,
			);
			name = AppDelegate;
			sourceTree = "<group>";
		};
		C5F2CDFB17AD038400EAD980 /* ViewControllers */ = {
			isa = PBXGroup;
			children = (
				2300E78417AE7F7D008F3585 /* Views */,
				C5481FB417C9F693003FB928 /* YVTabBarController.h */,
				C5481FB517C9F693003FB928 /* YVTabBarController.m */,
				C5BC910817AD1F05003E11E2 /* YVTalkListViewController.h */,
				C5BC910917AD1F05003E11E2 /* YVTalkListViewController.m */,
				C5A8DE0117AE5D4500EDB97D /* YVTalkDetailViewController.h */,
				C5A8DE0217AE5D4500EDB97D /* YVTalkDetailViewController.m */,
				23733D1717AE9A8200244F01 /* YVMapsViewController.h */,
				23733D1817AE9A8200244F01 /* YVMapsViewController.m */,
				23733D1C17AE9C0600244F01 /* YVMiscViewController.h */,
				23733D1D17AE9C0600244F01 /* YVMiscViewController.m */,
			);
			name = ViewControllers;
			sourceTree = "<group>";
		};
		C5F2CDFC17AD038D00EAD980 /* Resources */ = {
			isa = PBXGroup;
			children = (
				C57F9DCB17CB261E0026D1A7 /* fonts */,
				C5F2CE0317AD046800EAD980 /* images */,
				C5F2CE0017AD042E00EAD980 /* Models.xcdatamodeld */,
				C5F2CDFE17AD03F400EAD980 /* iPhone.storyboard */,
				23733D1A17AE9B6600244F01 /* Acknowledgement.txt */,
			);
			name = Resources;
			sourceTree = "<group>";
		};
		C5F2CDFD17AD039300EAD980 /* Models */ = {
			isa = PBXGroup;
			children = (
				C5BC910517AD1AA8003E11E2 /* NSManagedObject+SafetyMapping.h */,
				C5BC910617AD1AA8003E11E2 /* NSManagedObject+SafetyMapping.m */,
				C518A04F17AD08C100B0E4B7 /* YVTalks.h */,
				C518A05017AD08C100B0E4B7 /* YVTalks.m */,
				C55A48DA17CA1BA800CD759B /* YVSpeakers.h */,
				C55A48DB17CA1BA800CD759B /* YVSpeakers.m */,
				C55A48D717CA0F0900CD759B /* YVVenues.h */,
				C55A48D817CA0F0900CD759B /* YVVenues.m */,
				C518A04E17AD089A00B0E4B7 /* ManagedObjects */,
			);
			name = Models;
			path = ..;
			sourceTree = "<group>";
		};
		C5F2CE0317AD046800EAD980 /* images */ = {
			isa = PBXGroup;
			children = (
				C5F2CE0417AD046800EAD980 /* Default-568h@2x.png */,
				C5F2CE0517AD046800EAD980 /* Default.png */,
				C5F2CE0617AD046800EAD980 /* Default@2x.png */,
			);
			name = images;
			path = Resources/images;
			sourceTree = "<group>";
		};
/* End PBXGroup section */

/* Begin PBXNativeTarget section */
		C53EF8FB17AD02E100EE6F0A /* YAPCViewer */ = {
			isa = PBXNativeTarget;
			buildConfigurationList = C53EF92E17AD02E100EE6F0A /* Build configuration list for PBXNativeTarget "YAPCViewer" */;
			buildPhases = (
				08A12F63147D494BAF08AE39 /* Check Pods Manifest.lock */,
				C53EF8F817AD02E100EE6F0A /* Sources */,
				C53EF8F917AD02E100EE6F0A /* Frameworks */,
				C53EF8FA17AD02E100EE6F0A /* Resources */,
				407169B9F2EF48E094B75005 /* Copy Pods Resources */,
			);
			buildRules = (
			);
			dependencies = (
			);
			name = YAPCViewer;
			productName = YAPCViewer;
			productReference = C53EF8FC17AD02E100EE6F0A /* YAPCViewer.app */;
			productType = "com.apple.product-type.application";
		};
		C53EF91B17AD02E100EE6F0A /* YAPCViewerTests */ = {
			isa = PBXNativeTarget;
			buildConfigurationList = C53EF93117AD02E100EE6F0A /* Build configuration list for PBXNativeTarget "YAPCViewerTests" */;
			buildPhases = (
				9B5014AF7E37489EB64588BC /* Check Pods Manifest.lock */,
				C53EF91717AD02E100EE6F0A /* Sources */,
				C53EF91817AD02E100EE6F0A /* Frameworks */,
				C53EF91917AD02E100EE6F0A /* Resources */,
				C53EF91A17AD02E100EE6F0A /* ShellScript */,
				75D417D4111845919347227B /* Copy Pods Resources */,
			);
			buildRules = (
			);
			dependencies = (
				C53EF92217AD02E100EE6F0A /* PBXTargetDependency */,
			);
			name = YAPCViewerTests;
			productName = YAPCViewerTests;
			productReference = C53EF91C17AD02E100EE6F0A /* YAPCViewerTests.octest */;
			productType = "com.apple.product-type.bundle";
		};
/* End PBXNativeTarget section */

/* Begin PBXProject section */
		C53EF8F417AD02E100EE6F0A /* Project object */ = {
			isa = PBXProject;
			attributes = {
				CLASSPREFIX = YV;
				LastUpgradeCheck = 0460;
				ORGANIZATIONNAME = "www.huin-lab.com";
			};
			buildConfigurationList = C53EF8F717AD02E100EE6F0A /* Build configuration list for PBXProject "YAPCViewer" */;
			compatibilityVersion = "Xcode 3.2";
			developmentRegion = English;
			hasScannedForEncodings = 0;
			knownRegions = (
				en,
			);
			mainGroup = C53EF8F317AD02E100EE6F0A;
			productRefGroup = C53EF8FD17AD02E100EE6F0A /* Products */;
			projectDirPath = "";
			projectRoot = "";
			targets = (
				C53EF8FB17AD02E100EE6F0A /* YAPCViewer */,
				C53EF91B17AD02E100EE6F0A /* YAPCViewerTests */,
			);
		};
/* End PBXProject section */

/* Begin PBXResourcesBuildPhase section */
		C53EF8FA17AD02E100EE6F0A /* Resources */ = {
			isa = PBXResourcesBuildPhase;
			buildActionMask = 2147483647;
			files = (
				C53EF90A17AD02E100EE6F0A /* InfoPlist.strings in Resources */,
				C5F2CDFF17AD03F400EAD980 /* iPhone.storyboard in Resources */,
				C5F2CE0717AD046800EAD980 /* Default-568h@2x.png in Resources */,
				C5F2CE0817AD046800EAD980 /* Default.png in Resources */,
				C5F2CE0917AD046800EAD980 /* Default@2x.png in Resources */,
				23733D1B17AE9B6600244F01 /* Acknowledgement.txt in Resources */,
				C57F9DCD17CB261E0026D1A7 /* FontAwesome.ttf in Resources */,
			);
			runOnlyForDeploymentPostprocessing = 0;
		};
		C53EF91917AD02E100EE6F0A /* Resources */ = {
			isa = PBXResourcesBuildPhase;
			buildActionMask = 2147483647;
			files = (
				C53EF92817AD02E100EE6F0A /* InfoPlist.strings in Resources */,
			);
			runOnlyForDeploymentPostprocessing = 0;
		};
/* End PBXResourcesBuildPhase section */

/* Begin PBXShellScriptBuildPhase section */
		08A12F63147D494BAF08AE39 /* Check Pods Manifest.lock */ = {
			isa = PBXShellScriptBuildPhase;
			buildActionMask = 2147483647;
			files = (
			);
			inputPaths = (
			);
			name = "Check Pods Manifest.lock";
			outputPaths = (
			);
			runOnlyForDeploymentPostprocessing = 0;
			shellPath = /bin/sh;
			shellScript = "diff \"${PODS_ROOT}/../Podfile.lock\" \"${PODS_ROOT}/Manifest.lock\" > /dev/null\nif [[ $? != 0 ]] ; then\n    cat << EOM\nerror: The sandbox is not in sync with the Podfile.lock. Run 'pod install' or update your CocoaPods installation.\nEOM\n    exit 1\nfi\n";
			showEnvVarsInLog = 0;
		};
		407169B9F2EF48E094B75005 /* Copy Pods Resources */ = {
			isa = PBXShellScriptBuildPhase;
			buildActionMask = 2147483647;
			files = (
			);
			inputPaths = (
			);
			name = "Copy Pods Resources";
			outputPaths = (
			);
			runOnlyForDeploymentPostprocessing = 0;
			shellPath = /bin/sh;
			shellScript = "\"${SRCROOT}/Pods/Pods-resources.sh\"\n";
			showEnvVarsInLog = 0;
		};
		75D417D4111845919347227B /* Copy Pods Resources */ = {
			isa = PBXShellScriptBuildPhase;
			buildActionMask = 2147483647;
			files = (
			);
			inputPaths = (
			);
			name = "Copy Pods Resources";
			outputPaths = (
			);
			runOnlyForDeploymentPostprocessing = 0;
			shellPath = /bin/sh;
			shellScript = "\"${SRCROOT}/Pods/Pods-YAPCViewerTests-resources.sh\"\n";
			showEnvVarsInLog = 0;
		};
		9B5014AF7E37489EB64588BC /* Check Pods Manifest.lock */ = {
			isa = PBXShellScriptBuildPhase;
			buildActionMask = 2147483647;
			files = (
			);
			inputPaths = (
			);
			name = "Check Pods Manifest.lock";
			outputPaths = (
			);
			runOnlyForDeploymentPostprocessing = 0;
			shellPath = /bin/sh;
			shellScript = "diff \"${PODS_ROOT}/../Podfile.lock\" \"${PODS_ROOT}/Manifest.lock\" > /dev/null\nif [[ $? != 0 ]] ; then\n    cat << EOM\nerror: The sandbox is not in sync with the Podfile.lock. Run 'pod install' or update your CocoaPods installation.\nEOM\n    exit 1\nfi\n";
			showEnvVarsInLog = 0;
		};
		C53EF91A17AD02E100EE6F0A /* ShellScript */ = {
			isa = PBXShellScriptBuildPhase;
			buildActionMask = 2147483647;
			files = (
			);
			inputPaths = (
			);
			outputPaths = (
			);
			runOnlyForDeploymentPostprocessing = 0;
			shellPath = /bin/sh;
			shellScript = "# Run the unit tests in this test bundle.\n\"${SYSTEM_DEVELOPER_DIR}/Tools/RunUnitTests\"\n";
		};
/* End PBXShellScriptBuildPhase section */

/* Begin PBXSourcesBuildPhase section */
		C53EF8F817AD02E100EE6F0A /* Sources */ = {
			isa = PBXSourcesBuildPhase;
			buildActionMask = 2147483647;
			files = (
				C53EF90C17AD02E100EE6F0A /* main.m in Sources */,
				C53EF91017AD02E100EE6F0A /* YVAppDelegate.m in Sources */,
				C5F2CE0217AD042E00EAD980 /* Models.xcdatamodeld in Sources */,
				C5F2CE0C17AD063400EAD980 /* YVAbstract.m in Sources */,
				C5F2CE0F17AD064E00EAD980 /* YVSpeaker.m in Sources */,
				C5F2CE1217AD066C00EAD980 /* YVTalk.m in Sources */,
				C518A05117AD08C100B0E4B7 /* YVTalks.m in Sources */,
				C5BC910717AD1AA8003E11E2 /* NSManagedObject+SafetyMapping.m in Sources */,
				C5BC910A17AD1F05003E11E2 /* YVTalkListViewController.m in Sources */,
				C54624DF17AD26AD00B7361B /* YVTalkCell.m in Sources */,
				C5A8DDF417AE19BB00EDB97D /* YVDateFormatManager.m in Sources */,
				C5A8DDFB17AE2D1B00EDB97D /* YVEventDayView.m in Sources */,
				C5A8DDFE17AE387D00EDB97D /* YVSectionHeader.m in Sources */,
				C5A8DE0317AE5D4500EDB97D /* YVTalkDetailViewController.m in Sources */,
				2300E78317AE7F78008F3585 /* YVLoadingView.m in Sources */,
				23733D1917AE9A8200244F01 /* YVMapsViewController.m in Sources */,
				23733D1E17AE9C0600244F01 /* YVMiscViewController.m in Sources */,
				C5481FB317C9F5F3003FB928 /* YVUIThemeManager.m in Sources */,
				C5481FB617C9F693003FB928 /* YVTabBarController.m in Sources */,
				C5481FB917C9FA51003FB928 /* YVAPIEndpoint.m in Sources */,
				C5481FBC17C9FC6F003FB928 /* YVAPIRequest.m in Sources */,
				C55A48D617CA0EE900CD759B /* YVVenue.m in Sources */,
				C55A48D917CA0F0900CD759B /* YVVenues.m in Sources */,
				C55A48DC17CA1BA800CD759B /* YVSpeakers.m in Sources */,
				C5122FAB17CB38D900E44552 /* YVDogEarView.m in Sources */,
			);
			runOnlyForDeploymentPostprocessing = 0;
		};
		C53EF91717AD02E100EE6F0A /* Sources */ = {
			isa = PBXSourcesBuildPhase;
			buildActionMask = 2147483647;
			files = (
				C53EF92B17AD02E100EE6F0A /* YAPCViewerTests.m in Sources */,
			);
			runOnlyForDeploymentPostprocessing = 0;
		};
/* End PBXSourcesBuildPhase section */

/* Begin PBXTargetDependency section */
		C53EF92217AD02E100EE6F0A /* PBXTargetDependency */ = {
			isa = PBXTargetDependency;
			target = C53EF8FB17AD02E100EE6F0A /* YAPCViewer */;
			targetProxy = C53EF92117AD02E100EE6F0A /* PBXContainerItemProxy */;
		};
/* End PBXTargetDependency section */

/* Begin PBXVariantGroup section */
		C53EF90817AD02E100EE6F0A /* InfoPlist.strings */ = {
			isa = PBXVariantGroup;
			children = (
				C53EF90917AD02E100EE6F0A /* en */,
			);
			name = InfoPlist.strings;
			sourceTree = "<group>";
		};
		C53EF92617AD02E100EE6F0A /* InfoPlist.strings */ = {
			isa = PBXVariantGroup;
			children = (
				C53EF92717AD02E100EE6F0A /* en */,
			);
			name = InfoPlist.strings;
			sourceTree = "<group>";
		};
/* End PBXVariantGroup section */

/* Begin XCBuildConfiguration section */
		C53EF92C17AD02E100EE6F0A /* Debug */ = {
			isa = XCBuildConfiguration;
			buildSettings = {
				ALWAYS_SEARCH_USER_PATHS = NO;
				CLANG_CXX_LANGUAGE_STANDARD = "gnu++0x";
				CLANG_CXX_LIBRARY = "libc++";
				CLANG_ENABLE_OBJC_ARC = YES;
				CLANG_WARN_CONSTANT_CONVERSION = YES;
				CLANG_WARN_EMPTY_BODY = YES;
				CLANG_WARN_ENUM_CONVERSION = YES;
				CLANG_WARN_INT_CONVERSION = YES;
				CLANG_WARN__DUPLICATE_METHOD_MATCH = YES;
				"CODE_SIGN_IDENTITY[sdk=iphoneos*]" = "iPhone Developer";
				COPY_PHASE_STRIP = NO;
				GCC_C_LANGUAGE_STANDARD = gnu99;
				GCC_DYNAMIC_NO_PIC = NO;
				GCC_OPTIMIZATION_LEVEL = 0;
				GCC_PREPROCESSOR_DEFINITIONS = (
					"DEBUG=1",
					"$(inherited)",
				);
				GCC_SYMBOLS_PRIVATE_EXTERN = NO;
				GCC_WARN_ABOUT_RETURN_TYPE = YES;
				GCC_WARN_UNINITIALIZED_AUTOS = YES;
				GCC_WARN_UNUSED_VARIABLE = YES;
				IPHONEOS_DEPLOYMENT_TARGET = 5.0;
				ONLY_ACTIVE_ARCH = YES;
				SDKROOT = iphoneos;
			};
			name = Debug;
		};
		C53EF92D17AD02E100EE6F0A /* Release */ = {
			isa = XCBuildConfiguration;
			buildSettings = {
				ALWAYS_SEARCH_USER_PATHS = NO;
				CLANG_CXX_LANGUAGE_STANDARD = "gnu++0x";
				CLANG_CXX_LIBRARY = "libc++";
				CLANG_ENABLE_OBJC_ARC = YES;
				CLANG_WARN_CONSTANT_CONVERSION = YES;
				CLANG_WARN_EMPTY_BODY = YES;
				CLANG_WARN_ENUM_CONVERSION = YES;
				CLANG_WARN_INT_CONVERSION = YES;
				CLANG_WARN__DUPLICATE_METHOD_MATCH = YES;
				"CODE_SIGN_IDENTITY[sdk=iphoneos*]" = "iPhone Developer";
				COPY_PHASE_STRIP = YES;
				GCC_C_LANGUAGE_STANDARD = gnu99;
				GCC_WARN_ABOUT_RETURN_TYPE = YES;
				GCC_WARN_UNINITIALIZED_AUTOS = YES;
				GCC_WARN_UNUSED_VARIABLE = YES;
				IPHONEOS_DEPLOYMENT_TARGET = 5.0;
				OTHER_CFLAGS = "-DNS_BLOCK_ASSERTIONS=1";
				SDKROOT = iphoneos;
				VALIDATE_PRODUCT = YES;
			};
			name = Release;
		};
		C53EF92F17AD02E100EE6F0A /* Debug */ = {
			isa = XCBuildConfiguration;
			baseConfigurationReference = 39C981EEFBA34CC791FEE5AA /* Pods.xcconfig */;
			buildSettings = {
				GCC_PRECOMPILE_PREFIX_HEADER = YES;
				GCC_PREFIX_HEADER = "YAPCViewer/YAPCViewer-Prefix.pch";
				INFOPLIST_FILE = "YAPCViewer/YAPCViewer-Info.plist";
				LIBRARY_SEARCH_PATHS = "$(inherited)";
				PRODUCT_NAME = "$(TARGET_NAME)";
				WRAPPER_EXTENSION = app;
			};
			name = Debug;
		};
		C53EF93017AD02E100EE6F0A /* Release */ = {
			isa = XCBuildConfiguration;
			baseConfigurationReference = 39C981EEFBA34CC791FEE5AA /* Pods.xcconfig */;
			buildSettings = {
				GCC_PRECOMPILE_PREFIX_HEADER = YES;
				GCC_PREFIX_HEADER = "YAPCViewer/YAPCViewer-Prefix.pch";
				INFOPLIST_FILE = "YAPCViewer/YAPCViewer-Info.plist";
				LIBRARY_SEARCH_PATHS = "$(inherited)";
				PRODUCT_NAME = "$(TARGET_NAME)";
				WRAPPER_EXTENSION = app;
			};
			name = Release;
		};
		C53EF93217AD02E100EE6F0A /* Debug */ = {
			isa = XCBuildConfiguration;
			baseConfigurationReference = 2D119D3C234F4B56B8203B95 /* Pods-YAPCViewerTests.xcconfig */;
			buildSettings = {
				BUNDLE_LOADER = "$(BUILT_PRODUCTS_DIR)/YAPCViewer.app/YAPCViewer";
				FRAMEWORK_SEARCH_PATHS = (
					"\"$(SDKROOT)/Developer/Library/Frameworks\"",
					"\"$(DEVELOPER_LIBRARY_DIR)/Frameworks\"",
				);
				GCC_PRECOMPILE_PREFIX_HEADER = YES;
				GCC_PREFIX_HEADER = "YAPCViewer/YAPCViewer-Prefix.pch";
				INFOPLIST_FILE = "YAPCViewerTests/YAPCViewerTests-Info.plist";
				PRODUCT_NAME = "$(TARGET_NAME)";
				TEST_HOST = "$(BUNDLE_LOADER)";
				WRAPPER_EXTENSION = octest;
			};
			name = Debug;
		};
		C53EF93317AD02E100EE6F0A /* Release */ = {
			isa = XCBuildConfiguration;
			baseConfigurationReference = 2D119D3C234F4B56B8203B95 /* Pods-YAPCViewerTests.xcconfig */;
			buildSettings = {
				BUNDLE_LOADER = "$(BUILT_PRODUCTS_DIR)/YAPCViewer.app/YAPCViewer";
				FRAMEWORK_SEARCH_PATHS = (
					"\"$(SDKROOT)/Developer/Library/Frameworks\"",
					"\"$(DEVELOPER_LIBRARY_DIR)/Frameworks\"",
				);
				GCC_PRECOMPILE_PREFIX_HEADER = YES;
				GCC_PREFIX_HEADER = "YAPCViewer/YAPCViewer-Prefix.pch";
				INFOPLIST_FILE = "YAPCViewerTests/YAPCViewerTests-Info.plist";
				PRODUCT_NAME = "$(TARGET_NAME)";
				TEST_HOST = "$(BUNDLE_LOADER)";
				WRAPPER_EXTENSION = octest;
			};
			name = Release;
		};
/* End XCBuildConfiguration section */

/* Begin XCConfigurationList section */
		C53EF8F717AD02E100EE6F0A /* Build configuration list for PBXProject "YAPCViewer" */ = {
			isa = XCConfigurationList;
			buildConfigurations = (
				C53EF92C17AD02E100EE6F0A /* Debug */,
				C53EF92D17AD02E100EE6F0A /* Release */,
			);
			defaultConfigurationIsVisible = 0;
			defaultConfigurationName = Release;
		};
		C53EF92E17AD02E100EE6F0A /* Build configuration list for PBXNativeTarget "YAPCViewer" */ = {
			isa = XCConfigurationList;
			buildConfigurations = (
				C53EF92F17AD02E100EE6F0A /* Debug */,
				C53EF93017AD02E100EE6F0A /* Release */,
			);
			defaultConfigurationIsVisible = 0;
			defaultConfigurationName = Release;
		};
		C53EF93117AD02E100EE6F0A /* Build configuration list for PBXNativeTarget "YAPCViewerTests" */ = {
			isa = XCConfigurationList;
			buildConfigurations = (
				C53EF93217AD02E100EE6F0A /* Debug */,
				C53EF93317AD02E100EE6F0A /* Release */,
			);
			defaultConfigurationIsVisible = 0;
			defaultConfigurationName = Release;
		};
/* End XCConfigurationList section */

/* Begin XCVersionGroup section */
		C5F2CE0017AD042E00EAD980 /* Models.xcdatamodeld */ = {
			isa = XCVersionGroup;
			children = (
				C5F2CE0117AD042E00EAD980 /* Models.xcdatamodel */,
			);
			currentVersion = C5F2CE0117AD042E00EAD980 /* Models.xcdatamodel */;
			name = Models.xcdatamodeld;
			path = Resources/Models.xcdatamodeld;
			sourceTree = "<group>";
			versionGroupType = wrapper.xcdatamodel;
		};
/* End XCVersionGroup section */
	};
	rootObject = C53EF8F417AD02E100EE6F0A /* Project object */;
}
